
Microsoft Visual Studio Solution File, Format Version 12.00
# Visual Studio Version 17
VisualStudioVersion = 17.6.33801.468
MinimumVisualStudioVersion = 10.0.40219.1
Project("{9A19103F-16F7-4668-BE54-9A1E7A4F7556}") = "Dashboard.Hosts.Api", "src\Dashboard\Hosts\Dashboard.Hosts.Api\Dashboard.Hosts.Api.csproj", "{BF9C669C-143A-4D49-84C6-23B4756F9E4A}"
EndProject
Project("{2150E333-8FDC-42A3-9474-1A3956D46DE8}") = "Application", "Application", "{060FB291-A7F9-4B61-9154-C6BC9DA8406E}"
EndProject
Project("{2150E333-8FDC-42A3-9474-1A3956D46DE8}") = "Clients", "Clients", "{11B0949C-345A-4BEB-8FC2-F5B6D7CF9BB4}"
EndProject
Project("{2150E333-8FDC-42A3-9474-1A3956D46DE8}") = "Contracts", "Contracts", "{E322FC36-5FA0-45AB-850D-59E4CB3ADC7A}"
EndProject
Project("{2150E333-8FDC-42A3-9474-1A3956D46DE8}") = "Domain", "Domain", "{5F43872F-AF33-4CA1-913F-A5473C477496}"
EndProject
Project("{2150E333-8FDC-42A3-9474-1A3956D46DE8}") = "Infrastructure", "Infrastructure", "{F000A67C-0CF7-48F9-8818-695500370AAF}"
EndProject
Project("{2150E333-8FDC-42A3-9474-1A3956D46DE8}") = "Hosts", "Hosts", "{09E91AAA-B70F-48B4-A3BF-B002E221AB9F}"
EndProject
Project("{FAE04EC0-301F-11D3-BF4B-00C04F79EFBC}") = "Dashboard.Domain", "src\Dashboard\Domain\Dashboard.Domain\Dashboard.Domain.csproj", "{D0AD32E5-9367-4240-810C-9FBFA28B245A}"
EndProject
Global
	GlobalSection(SolutionConfigurationPlatforms) = preSolution
		Debug|Any CPU = Debug|Any CPU
		Release|Any CPU = Release|Any CPU
	EndGlobalSection
	GlobalSection(ProjectConfigurationPlatforms) = postSolution
		{BF9C669C-143A-4D49-84C6-23B4756F9E4A}.Debug|Any CPU.ActiveCfg = Debug|Any CPU
		{BF9C669C-143A-4D49-84C6-23B4756F9E4A}.Debug|Any CPU.Build.0 = Debug|Any CPU
		{BF9C669C-143A-4D49-84C6-23B4756F9E4A}.Release|Any CPU.ActiveCfg = Release|Any CPU
		{BF9C669C-143A-4D49-84C6-23B4756F9E4A}.Release|Any CPU.Build.0 = Release|Any CPU
		{D0AD32E5-9367-4240-810C-9FBFA28B245A}.Debug|Any CPU.ActiveCfg = Debug|Any CPU
		{D0AD32E5-9367-4240-810C-9FBFA28B245A}.Debug|Any CPU.Build.0 = Debug|Any CPU
		{D0AD32E5-9367-4240-810C-9FBFA28B245A}.Release|Any CPU.ActiveCfg = Release|Any CPU
		{D0AD32E5-9367-4240-810C-9FBFA28B245A}.Release|Any CPU.Build.0 = Release|Any CPU
	EndGlobalSection
	GlobalSection(SolutionProperties) = preSolution
		HideSolutionNode = FALSE
	EndGlobalSection
	GlobalSection(NestedProjects) = preSolution
		{BF9C669C-143A-4D49-84C6-23B4756F9E4A} = {09E91AAA-B70F-48B4-A3BF-B002E221AB9F}
		{D0AD32E5-9367-4240-810C-9FBFA28B245A} = {5F43872F-AF33-4CA1-913F-A5473C477496}
	EndGlobalSection
	GlobalSection(ExtensibilityGlobals) = postSolution
		SolutionGuid = {30C79608-CDE5-4EF2-85B0-664562633B65}
	EndGlobalSection
EndGlobal
